# @generated - this file is auto-generated by `mise lock` https://mise.en.dev/dev-tools/mise-lock.html

[[tools.python]]
version = "3.12.13"
backend = "core:python"

[tools.python."platforms.linux-arm64"]
checksum = "sha256:eb85c6903552b1cb40b183a119681a9326fa97e31cf0e4b8c78bf26735ff1552"
url = "https://github.com/astral-sh/python-build-standalone/releases/download/20260610/cpython-3.12.13+20260610-aarch64-unknown-linux-gnu-install_only_stripped.tar.gz"
provenance = "github-attestations"

[tools.python."platforms.linux-arm64-musl"]
checksum = "sha256:f9153de0832a08a98cde89f7f5f2cc376544813c05bd2737279a1c8e3cb97913"
url = "https://github.com/astral-sh/python-build-standalone/releases/download/20260610/cpython-3.12.13+20260610-aarch64-unknown-linux-musl-install_only_stripped.tar.gz"
provenance = "github-attestations"

[tools.python."platforms.linux-x64"]
checksum = "sha256:6682afef6b510037a0ad84e61150e5121af2e2785c9ca27b047e029270a840fe"
url = "https://github.com/astral-sh/python-build-standalone/releases/download/20260610/cpython-3.12.13+20260610-x86_64-unknown-linux-gnu-install_only_stripped.tar.gz"
provenance = "github-attestations"

[tools.python."platforms.linux-x64-musl"]
checksum = "sha256:cca04a9f21a8efb43f1da1f4d1b55da04e9af23e8ce6259f58c94b4ef1fa48a6"
url = "https://github.com/astral-sh/python-build-standalone/releases/download/20260610/cpython-3.12.13+20260610-x86_64-unknown-linux-musl-install_only_stripped.tar.gz"
provenance = "github-attestations"

[tools.python."platforms.macos-arm64"]
checksum = "sha256:f0a7fa7decc75df2b1a789329a44f657c4a15c0a683f197ce46a5cb621bc6ef4"
url = "https://github.com/astral-sh/python-build-standalone/releases/download/20260610/cpython-3.12.13+20260610-aarch64-apple-darwin-install_only_stripped.tar.gz"
provenance = "github-attestations"

[tools.python."platforms.macos-x64"]
checksum = "sha256:c56c2dfe3fb5569430f4eabcff1fc1334c66db708bf17c103eef3dd237f3e3ab"
url = "https://github.com/astral-sh/python-build-standalone/releases/download/20260610/cpython-3.12.13+20260610-x86_64-apple-darwin-install_only_stripped.tar.gz"
provenance = "github-attestations"

[tools.python."platforms.windows-x64"]
checksum = "sha256:99dce0b23bf3c3b28d350cdd7bfe3cd3be51cc4f285faae7c0df110d106d1a8d"
url = "https://github.com/astral-sh/python-build-standalone/releases/download/20260610/cpython-3.12.13+20260610-x86_64-pc-windows-msvc-install_only_stripped.tar.gz"
provenance = "github-attestations"
